Microsoft Visual Studio Solution File, Format Version 12.00
# Visual Studio Version 17
VisualStudioVersion = 17.5.2.0
MinimumVisualStudioVersion = 10.0.40219.1
Project("{FAE04EC0-301F-11D3-BF4B-00C04F79EFBC}") = "firebase-worker", "firebase-worker.csproj", "{F1F6BCFD-8F9C-7BE2-4CDC-DE43D9F25E04}"
EndProject
Global
	GlobalSection(SolutionConfigurationPlatforms) = preSolution
		Debug|Any CPU = Debug|Any CPU
		Release|Any CPU = Release|Any CPU
	EndGlobalSection
	GlobalSection(ProjectConfigurationPlatforms) = postSolution
		{F1F6BCFD-8F9C-7BE2-4CDC-DE43D9F25E04}.Debug|Any CPU.ActiveCfg = Debug|Any CPU
		{F1F6BCFD-8F9C-7BE2-4CDC-DE43D9F25E04}.Debug|Any CPU.Build.0 = Debug|Any CPU
		{F1F6BCFD-8F9C-7BE2-4CDC-DE43D9F25E04}.Release|Any CPU.ActiveCfg = Release|Any CPU
		{F1F6BCFD-8F9C-7BE2-4CDC-DE43D9F25E04}.Release|Any CPU.Build.0 = Release|Any CPU
	EndGlobalSection
	GlobalSection(SolutionProperties) = preSolution
		HideSolutionNode = FALSE
	EndGlobalSection
	GlobalSection(ExtensibilityGlobals) = postSolution
		SolutionGuid = {A639D980-6F33-4881-AFFA-76A474203B1A}
	EndGlobalSection
EndGlobal
